// !$*UTF8*$!
{
	archiveVersion = 1;
	classes = {
	};
	objectVersion = 56;
	objects = {

/* Begin PBXBuildFile section */
		D009C8E32A646413003ADF5E /* FinanceTrackerApp.swift in Sources */ = {isa = PBXBuildFile; fileRef = D009C8E22A646413003ADF5E /* FinanceTrackerApp.swift */; };
		D009C8E52A646413003ADF5E /* ContentView.swift in Sources */ = {isa = PBXBuildFile; fileRef = D009C8E42A646413003ADF5E /* ContentView.swift */; };
		D009C8E72A646414003ADF5E /* Assets.xcassets in Resources */ = {isa = PBXBuildFile; fileRef = D009C8E62A646414003ADF5E /* Assets.xcassets */; };
		D009C8EA2A646414003ADF5E /* Preview Assets.xcassets in Resources */ = {isa = PBXBuildFile; fileRef = D009C8E92A646414003ADF5E /* Preview Assets.xcassets */; };
		D00E53E92A7ED0C20039CB45 /* HistoryView.swift in Sources */ = {isa = PBXBuildFile; fileRef = D00E53E82A7ED0C20039CB45 /* HistoryView.swift */; };
		D0322CF82A6F9C36009FB504 /* HomeView.swift in Sources */ = {isa = PBXBuildFile; fileRef = D0322CF72A6F9C36009FB504 /* HomeView.swift */; };
		D098575B2A7F204100C05A45 /* SettingsView.swift in Sources */ = {isa = PBXBuildFile; fileRef = D098575A2A7F204100C05A45 /* SettingsView.swift */; };
		D0E2D93E2A90716B00DAE568 /* GoogleService-Info.plist in Resources */ = {isa = PBXBuildFile; fileRef = D0E2D93D2A90716B00DAE568 /* GoogleService-Info.plist */; };
		D0E2D9412A9071F500DAE568 /* FirebaseAnalytics in Frameworks */ = {isa = PBXBuildFile; productRef = D0E2D9402A9071F500DAE568 /* FirebaseAnalytics */; };
		D0E2D9432A9071F500DAE568 /* FirebaseAnalyticsSwift in Frameworks */ = {isa = PBXBuildFile; productRef = D0E2D9422A9071F500DAE568 /* FirebaseAnalyticsSwift */; };
		D0E2D9452A9071F500DAE568 /* FirebaseAuth in Frameworks */ = {isa = PBXBuildFile; productRef = D0E2D9442A9071F500DAE568 /* FirebaseAuth */; };
		D0E2D9472A9071F500DAE568 /* FirebaseCrashlytics in Frameworks */ = {isa = PBXBuildFile; productRef = D0E2D9462A9071F500DAE568 /* FirebaseCrashlytics */; };
		D0E2D9492A9071F500DAE568 /* FirebaseDatabase in Frameworks */ = {isa = PBXBuildFile; productRef = D0E2D9482A9071F500DAE568 /* FirebaseDatabase */; };
		D0E2D94B2A9071F500DAE568 /* FirebaseDatabaseSwift in Frameworks */ = {isa = PBXBuildFile; productRef = D0E2D94A2A9071F500DAE568 /* FirebaseDatabaseSwift */; };
		D0E2D94D2A9071F500DAE568 /* FirebaseFirestore in Frameworks */ = {isa = PBXBuildFile; productRef = D0E2D94C2A9071F500DAE568 /* FirebaseFirestore */; };
		D0E2D94F2A9071F500DAE568 /* FirebaseFirestoreCombine-Community in Frameworks */ = {isa = PBXBuildFile; productRef = D0E2D94E2A9071F500DAE568 /* FirebaseFirestoreCombine-Community */; };
		D0E2D9512A9071F500DAE568 /* FirebaseFirestoreSwift in Frameworks */ = {isa = PBXBuildFile; productRef = D0E2D9502A9071F500DAE568 /* FirebaseFirestoreSwift */; };
		D0E2D9532A9071F500DAE568 /* FirebaseStorage in Frameworks */ = {isa = PBXBuildFile; productRef = D0E2D9522A9071F500DAE568 /* FirebaseStorage */; };
		D0E2D9552A9071F500DAE568 /* FirebaseStorageCombine-Community in Frameworks */ = {isa = PBXBuildFile; productRef = D0E2D9542A9071F500DAE568 /* FirebaseStorageCombine-Community */; };
		D0E2D9572A9072BA00DAE568 /* FirebaseTestView.swift in Sources */ = {isa = PBXBuildFile; fileRef = D0E2D9562A9072BA00DAE568 /* FirebaseTestView.swift */; };
		D0E2D9592A918FF500DAE568 /* DataHandler.swift in Sources */ = {isa = PBXBuildFile; fileRef = D0E2D9582A918FF500DAE568 /* DataHandler.swift */; };
/* End PBXBuildFile section */

/* Begin PBXFileReference section */
		D009C8DF2A646413003ADF5E /* FinanceTracker.app */ = {isa = PBXFileReference; explicitFileType = wrapper.application; includeInIndex = 0; path = FinanceTracker.app; sourceTree = BUILT_PRODUCTS_DIR; };
		D009C8E22A646413003ADF5E /* FinanceTrackerApp.swift */ = {isa = PBXFileReference; lastKnownFileType = sourcecode.swift; path = FinanceTrackerApp.swift; sourceTree = "<group>"; };
		D009C8E42A646413003ADF5E /* ContentView.swift */ = {isa = PBXFileReference; lastKnownFileType = sourcecode.swift; path = ContentView.swift; sourceTree = "<group>"; };
		D009C8E62A646414003ADF5E /* Assets.xcassets */ = {isa = PBXFileReference; lastKnownFileType = folder.assetcatalog; path = Assets.xcassets; sourceTree = "<group>"; };
		D009C8E92A646414003ADF5E /* Preview Assets.xcassets */ = {isa = PBXFileReference; lastKnownFileType = folder.assetcatalog; path = "Preview Assets.xcassets"; sourceTree = "<group>"; };
		D00E53E82A7ED0C20039CB45 /* HistoryView.swift */ = {isa = PBXFileReference; lastKnownFileType = sourcecode.swift; path = HistoryView.swift; sourceTree = "<group>"; };
		D0322CF72A6F9C36009FB504 /* HomeView.swift */ = {isa = PBXFileReference; lastKnownFileType = sourcecode.swift; path = HomeView.swift; sourceTree = "<group>"; };
		D098575A2A7F204100C05A45 /* SettingsView.swift */ = {isa = PBXFileReference; lastKnownFileType = sourcecode.swift; path = SettingsView.swift; sourceTree = "<group>"; };
		D0E2D93D2A90716B00DAE568 /* GoogleService-Info.plist */ = {isa = PBXFileReference; fileEncoding = 4; lastKnownFileType = text.plist.xml; name = "GoogleService-Info.plist"; path = "../../../Downloads/GoogleService-Info.plist"; sourceTree = "<group>"; };
		D0E2D9562A9072BA00DAE568 /* FirebaseTestView.swift */ = {isa = PBXFileReference; lastKnownFileType = sourcecode.swift; path = FirebaseTestView.swift; sourceTree = "<group>"; };
		D0E2D9582A918FF500DAE568 /* DataHandler.swift */ = {isa = PBXFileReference; lastKnownFileType = sourcecode.swift; path = DataHandler.swift; sourceTree = "<group>"; };
/* End PBXFileReference section */

/* Begin PBXFrameworksBuildPhase section */
		D009C8DC2A646413003ADF5E /* Frameworks */ = {
			isa = PBXFrameworksBuildPhase;
			buildActionMask = 2147483647;
			files = (
				D0E2D9552A9071F500DAE568 /* FirebaseStorageCombine-Community in Frameworks */,
				D0E2D94B2A9071F500DAE568 /* FirebaseDatabaseSwift in Frameworks */,
				D0E2D94F2A9071F500DAE568 /* FirebaseFirestoreCombine-Community in Frameworks */,
				D0E2D9492A9071F500DAE568 /* FirebaseDatabase in Frameworks */,
				D0E2D9532A9071F500DAE568 /* FirebaseStorage in Frameworks */,
				D0E2D9432A9071F500DAE568 /* FirebaseAnalyticsSwift in Frameworks */,
				D0E2D9472A9071F500DAE568 /* FirebaseCrashlytics in Frameworks */,
				D0E2D9452A9071F500DAE568 /* FirebaseAuth in Frameworks */,
				D0E2D9412A9071F500DAE568 /* FirebaseAnalytics in Frameworks */,
				D0E2D94D2A9071F500DAE568 /* FirebaseFirestore in Frameworks */,
				D0E2D9512A9071F500DAE568 /* FirebaseFirestoreSwift in Frameworks */,
			);
			runOnlyForDeploymentPostprocessing = 0;
		};
/* End PBXFrameworksBuildPhase section */

/* Begin PBXGroup section */
		D009C8D62A646413003ADF5E = {
			isa = PBXGroup;
			children = (
				D009C8E12A646413003ADF5E /* FinanceTracker */,
				D009C8E02A646413003ADF5E /* Products */,
			);
			sourceTree = "<group>";
		};
		D009C8E02A646413003ADF5E /* Products */ = {
			isa = PBXGroup;
			children = (
				D009C8DF2A646413003ADF5E /* FinanceTracker.app */,
			);
			name = Products;
			sourceTree = "<group>";
		};
		D009C8E12A646413003ADF5E /* FinanceTracker */ = {
			isa = PBXGroup;
			children = (
				D0E2D93D2A90716B00DAE568 /* GoogleService-Info.plist */,
				D009C8E22A646413003ADF5E /* FinanceTrackerApp.swift */,
				D009C8E42A646413003ADF5E /* ContentView.swift */,
				D009C8E62A646414003ADF5E /* Assets.xcassets */,
				D009C8E82A646414003ADF5E /* Preview Content */,
				D0322CF72A6F9C36009FB504 /* HomeView.swift */,
				D00E53E82A7ED0C20039CB45 /* HistoryView.swift */,
				D098575A2A7F204100C05A45 /* SettingsView.swift */,
				D0E2D9562A9072BA00DAE568 /* FirebaseTestView.swift */,
				D0E2D9582A918FF500DAE568 /* DataHandler.swift */,
			);
			path = FinanceTracker;
			sourceTree = "<group>";
		};
		D009C8E82A646414003ADF5E /* Preview Content */ = {
			isa = PBXGroup;
			children = (
				D009C8E92A646414003ADF5E /* Preview Assets.xcassets */,
			);
			path = "Preview Content";
			sourceTree = "<group>";
		};
/* End PBXGroup section */

/* Begin PBXNativeTarget section */
		D009C8DE2A646413003ADF5E /* FinanceTracker */ = {
			isa = PBXNativeTarget;
			buildConfigurationList = D009C8ED2A646414003ADF5E /* Build configuration list for PBXNativeTarget "FinanceTracker" */;
			buildPhases = (
				D009C8DB2A646413003ADF5E /* Sources */,
				D009C8DC2A646413003ADF5E /* Frameworks */,
				D009C8DD2A646413003ADF5E /* Resources */,
			);
			buildRules = (
			);
			dependencies = (
			);
			name = FinanceTracker;
			packageProductDependencies = (
				D0E2D9402A9071F500DAE568 /* FirebaseAnalytics */,
				D0E2D9422A9071F500DAE568 /* FirebaseAnalyticsSwift */,
				D0E2D9442A9071F500DAE568 /* FirebaseAuth */,
				D0E2D9462A9071F500DAE568 /* FirebaseCrashlytics */,
				D0E2D9482A9071F500DAE568 /* FirebaseDatabase */,
				D0E2D94A2A9071F500DAE568 /* FirebaseDatabaseSwift */,
				D0E2D94C2A9071F500DAE568 /* FirebaseFirestore */,
				D0E2D94E2A9071F500DAE568 /* FirebaseFirestoreCombine-Community */,
				D0E2D9502A9071F500DAE568 /* FirebaseFirestoreSwift */,
				D0E2D9522A9071F500DAE568 /* FirebaseStorage */,
				D0E2D9542A9071F500DAE568 /* FirebaseStorageCombine-Community */,
			);
			productName = FinanceTracker;
			productReference = D009C8DF2A646413003ADF5E /* FinanceTracker.app */;
			productType = "com.apple.product-type.application";
		};
/* End PBXNativeTarget section */

/* Begin PBXProject section */
		D009C8D72A646413003ADF5E /* Project object */ = {
			isa = PBXProject;
			attributes = {
				BuildIndependentTargetsInParallel = 1;
				LastSwiftUpdateCheck = 1430;
				LastUpgradeCheck = 1430;
				TargetAttributes = {
					D009C8DE2A646413003ADF5E = {
						CreatedOnToolsVersion = 14.3.1;
					};
				};
			};
			buildConfigurationList = D009C8DA2A646413003ADF5E /* Build configuration list for PBXProject "FinanceTracker" */;
			compatibilityVersion = "Xcode 14.0";
			developmentRegion = en;
			hasScannedForEncodings = 0;
			knownRegions = (
				en,
				Base,
			);
			mainGroup = D009C8D62A646413003ADF5E;
			packageReferences = (
				D0E2D93F2A9071F500DAE568 /* XCRemoteSwiftPackageReference "firebase-ios-sdk" */,
			);
			productRefGroup = D009C8E02A646413003ADF5E /* Products */;
			projectDirPath = "";
			projectRoot = "";
			targets = (
				D009C8DE2A646413003ADF5E /* FinanceTracker */,
			);
		};
/* End PBXProject section */

/* Begin PBXResourcesBuildPhase section */
		D009C8DD2A646413003ADF5E /* Resources */ = {
			isa = PBXResourcesBuildPhase;
			buildActionMask = 2147483647;
			files = (
				D009C8EA2A646414003ADF5E /* Preview Assets.xcassets in Resources */,
				D009C8E72A646414003ADF5E /* Assets.xcassets in Resources */,
				D0E2D93E2A90716B00DAE568 /* GoogleService-Info.plist in Resources */,
			);
			runOnlyForDeploymentPostprocessing = 0;
		};
/* End PBXResourcesBuildPhase section */

/* Begin PBXSourcesBuildPhase section */
		D009C8DB2A646413003ADF5E /* Sources */ = {
			isa = PBXSourcesBuildPhase;
			buildActionMask = 2147483647;
			files = (
				D0322CF82A6F9C36009FB504 /* HomeView.swift in Sources */,
				D0E2D9592A918FF500DAE568 /* DataHandler.swift in Sources */,
				D0E2D9572A9072BA00DAE568 /* FirebaseTestView.swift in Sources */,
				D009C8E52A646413003ADF5E /* ContentView.swift in Sources */,
				D00E53E92A7ED0C20039CB45 /* HistoryView.swift in Sources */,
				D098575B2A7F204100C05A45 /* SettingsView.swift in Sources */,
				D009C8E32A646413003ADF5E /* FinanceTrackerApp.swift in Sources */,
			);
			runOnlyForDeploymentPostprocessing = 0;
		};
/* End PBXSourcesBuildPhase section */

/* Begin XCBuildConfiguration section */
		D009C8EB2A646414003ADF5E /* Debug */ = {
			isa = XCBuildConfiguration;
			buildSettings = {
				ALWAYS_SEARCH_USER_PATHS = NO;
				CLANG_ANALYZER_NONNULL = YES;
				CLANG_ANALYZER_NUMBER_OBJECT_CONVERSION = YES_AGGRESSIVE;
				CLANG_CXX_LANGUAGE_STANDARD = "gnu++20";
				CLANG_ENABLE_MODULES = YES;
				CLANG_ENABLE_OBJC_ARC = YES;
				CLANG_ENABLE_OBJC_WEAK = YES;
				CLANG_WARN_BLOCK_CAPTURE_AUTORELEASING = YES;
				CLANG_WARN_BOOL_CONVERSION = YES;
				CLANG_WARN_COMMA = YES;
				CLANG_WARN_CONSTANT_CONVERSION = YES;
				CLANG_WARN_DEPRECATED_OBJC_IMPLEMENTATIONS = YES;
				CLANG_WARN_DIRECT_OBJC_ISA_USAGE = YES_ERROR;
				CLANG_WARN_DOCUMENTATION_COMMENTS = YES;
				CLANG_WARN_EMPTY_BODY = YES;
				CLANG_WARN_ENUM_CONVERSION = YES;
				CLANG_WARN_INFINITE_RECURSION = YES;
				CLANG_WARN_INT_CONVERSION = YES;
				CLANG_WARN_NON_LITERAL_NULL_CONVERSION = YES;
				CLANG_WARN_OBJC_IMPLICIT_RETAIN_SELF = YES;
				CLANG_WARN_OBJC_LITERAL_CONVERSION = YES;
				CLANG_WARN_OBJC_ROOT_CLASS = YES_ERROR;
				CLANG_WARN_QUOTED_INCLUDE_IN_FRAMEWORK_HEADER = YES;
				CLANG_WARN_RANGE_LOOP_ANALYSIS = YES;
				CLANG_WARN_STRICT_PROTOTYPES = YES;
				CLANG_WARN_SUSPICIOUS_MOVE = YES;
				CLANG_WARN_UNGUARDED_AVAILABILITY = YES_AGGRESSIVE;
				CLANG_WARN_UNREACHABLE_CODE = YES;
				CLANG_WARN__DUPLICATE_METHOD_MATCH = YES;
				COPY_PHASE_STRIP = NO;
				DEBUG_INFORMATION_FORMAT = dwarf;
				ENABLE_STRICT_OBJC_MSGSEND = YES;
				ENABLE_TESTABILITY = YES;
				GCC_C_LANGUAGE_STANDARD = gnu11;
				GCC_DYNAMIC_NO_PIC = NO;
				GCC_NO_COMMON_BLOCKS = YES;
				GCC_OPTIMIZATION_LEVEL = 0;
				GCC_PREPROCESSOR_DEFINITIONS = (
					"DEBUG=1",
					"$(inherited)",
				);
				GCC_WARN_64_TO_32_BIT_CONVERSION = YES;
				GCC_WARN_ABOUT_RETURN_TYPE = YES_ERROR;
				GCC_WARN_UNDECLARED_SELECTOR = YES;
				GCC_WARN_UNINITIALIZED_AUTOS = YES_AGGRESSIVE;
				GCC_WARN_UNUSED_FUNCTION = YES;
				GCC_WARN_UNUSED_VARIABLE = YES;
				IPHONEOS_DEPLOYMENT_TARGET = 16.4;
				MTL_ENABLE_DEBUG_INFO = INCLUDE_SOURCE;
				MTL_FAST_MATH = YES;
				ONLY_ACTIVE_ARCH = YES;
				SDKROOT = iphoneos;
				SWIFT_ACTIVE_COMPILATION_CONDITIONS = DEBUG;
				SWIFT_OPTIMIZATION_LEVEL = "-Onone";
			};
			name = Debug;
		};
		D009C8EC2A646414003ADF5E /* Release */ = {
			isa = XCBuildConfiguration;
			buildSettings = {
				ALWAYS_SEARCH_USER_PATHS = NO;
				CLANG_ANALYZER_NONNULL = YES;
				CLANG_ANALYZER_NUMBER_OBJECT_CONVERSION = YES_AGGRESSIVE;
				CLANG_CXX_LANGUAGE_STANDARD = "gnu++20";
				CLANG_ENABLE_MODULES = YES;
				CLANG_ENABLE_OBJC_ARC = YES;
				CLANG_ENABLE_OBJC_WEAK = YES;
				CLANG_WARN_BLOCK_CAPTURE_AUTORELEASING = YES;
				CLANG_WARN_BOOL_CONVERSION = YES;
				CLANG_WARN_COMMA = YES;
				CLANG_WARN_CONSTANT_CONVERSION = YES;
				CLANG_WARN_DEPRECATED_OBJC_IMPLEMENTATIONS = YES;
				CLANG_WARN_DIRECT_OBJC_ISA_USAGE = YES_ERROR;
				CLANG_WARN_DOCUMENTATION_COMMENTS = YES;
				CLANG_WARN_EMPTY_BODY = YES;
				CLANG_WARN_ENUM_CONVERSION = YES;
				CLANG_WARN_INFINITE_RECURSION = YES;
				CLANG_WARN_INT_CONVERSION = YES;
				CLANG_WARN_NON_LITERAL_NULL_CONVERSION = YES;
				CLANG_WARN_OBJC_IMPLICIT_RETAIN_SELF = YES;
				CLANG_WARN_OBJC_LITERAL_CONVERSION = YES;
				CLANG_WARN_OBJC_ROOT_CLASS = YES_ERROR;
				CLANG_WARN_QUOTED_INCLUDE_IN_FRAMEWORK_HEADER = YES;
				CLANG_WARN_RANGE_LOOP_ANALYSIS = YES;
				CLANG_WARN_STRICT_PROTOTYPES = YES;
				CLANG_WARN_SUSPICIOUS_MOVE = YES;
				CLANG_WARN_UNGUARDED_AVAILABILITY = YES_AGGRESSIVE;
				CLANG_WARN_UNREACHABLE_CODE = YES;
				CLANG_WARN__DUPLICATE_METHOD_MATCH = YES;
				COPY_PHASE_STRIP = NO;
				DEBUG_INFORMATION_FORMAT = "dwarf-with-dsym";
				ENABLE_NS_ASSERTIONS = NO;
				ENABLE_STRICT_OBJC_MSGSEND = YES;
				GCC_C_LANGUAGE_STANDARD = gnu11;
				GCC_NO_COMMON_BLOCKS = YES;
				GCC_WARN_64_TO_32_BIT_CONVERSION = YES;
				GCC_WARN_ABOUT_RETURN_TYPE = YES_ERROR;
				GCC_WARN_UNDECLARED_SELECTOR = YES;
				GCC_WARN_UNINITIALIZED_AUTOS = YES_AGGRESSIVE;
				GCC_WARN_UNUSED_FUNCTION = YES;
				GCC_WARN_UNUSED_VARIABLE = YES;
				IPHONEOS_DEPLOYMENT_TARGET = 16.4;
				MTL_ENABLE_DEBUG_INFO = NO;
				MTL_FAST_MATH = YES;
				SDKROOT = iphoneos;
				SWIFT_COMPILATION_MODE = wholemodule;
				SWIFT_OPTIMIZATION_LEVEL = "-O";
				VALIDATE_PRODUCT = YES;
			};
			name = Release;
		};
		D009C8EE2A646414003ADF5E /* Debug */ = {
			isa = XCBuildConfiguration;
			buildSettings = {
				ASSETCATALOG_COMPILER_APPICON_NAME = AppIcon;
				ASSETCATALOG_COMPILER_GLOBAL_ACCENT_COLOR_NAME = AccentColor;
				CODE_SIGN_STYLE = Automatic;
				CURRENT_PROJECT_VERSION = 1;
				DEVELOPMENT_ASSET_PATHS = "\"FinanceTracker/Preview Content\"";
				DEVELOPMENT_TEAM = KF4439884J;
				ENABLE_PREVIEWS = YES;
				GENERATE_INFOPLIST_FILE = YES;
				INFOPLIST_KEY_UIApplicationSceneManifest_Generation = YES;
				INFOPLIST_KEY_UIApplicationSupportsIndirectInputEvents = YES;
				INFOPLIST_KEY_UILaunchScreen_Generation = YES;
				INFOPLIST_KEY_UISupportedInterfaceOrientations_iPad = "UIInterfaceOrientationPortrait UIInterfaceOrientationPortraitUpsideDown UIInterfaceOrientationLandscapeLeft UIInterfaceOrientationLandscapeRight";
				INFOPLIST_KEY_UISupportedInterfaceOrientations_iPhone = "UIInterfaceOrientationPortrait UIInterfaceOrientationLandscapeLeft UIInterfaceOrientationLandscapeRight";
				IPHONEOS_DEPLOYMENT_TARGET = 16.0;
				LD_RUNPATH_SEARCH_PATHS = (
					"$(inherited)",
					"@executable_path/Frameworks",
				);
				MARKETING_VERSION = 1.0;
				PRODUCT_BUNDLE_IDENTIFIER = com.ayushsatyavarpu.FinanceTracker;
				PRODUCT_NAME = "$(TARGET_NAME)";
				SWIFT_EMIT_LOC_STRINGS = YES;
				SWIFT_VERSION = 5.0;
				TARGETED_DEVICE_FAMILY = "1,2";
			};
			name = Debug;
		};
		D009C8EF2A646414003ADF5E /* Release */ = {
			isa = XCBuildConfiguration;
			buildSettings = {
				ASSETCATALOG_COMPILER_APPICON_NAME = AppIcon;
				ASSETCATALOG_COMPILER_GLOBAL_ACCENT_COLOR_NAME = AccentColor;
				CODE_SIGN_STYLE = Automatic;
				CURRENT_PROJECT_VERSION = 1;
				DEVELOPMENT_ASSET_PATHS = "\"FinanceTracker/Preview Content\"";
				DEVELOPMENT_TEAM = KF4439884J;
				ENABLE_PREVIEWS = YES;
				GENERATE_INFOPLIST_FILE = YES;
				INFOPLIST_KEY_UIApplicationSceneManifest_Generation = YES;
				INFOPLIST_KEY_UIApplicationSupportsIndirectInputEvents = YES;
				INFOPLIST_KEY_UILaunchScreen_Generation = YES;
				INFOPLIST_KEY_UISupportedInterfaceOrientations_iPad = "UIInterfaceOrientationPortrait UIInterfaceOrientationPortraitUpsideDown UIInterfaceOrientationLandscapeLeft UIInterfaceOrientationLandscapeRight";
				INFOPLIST_KEY_UISupportedInterfaceOrientations_iPhone = "UIInterfaceOrientationPortrait UIInterfaceOrientationLandscapeLeft UIInterfaceOrientationLandscapeRight";
				IPHONEOS_DEPLOYMENT_TARGET = 16.0;
				LD_RUNPATH_SEARCH_PATHS = (
					"$(inherited)",
					"@executable_path/Frameworks",
				);
				MARKETING_VERSION = 1.0;
				PRODUCT_BUNDLE_IDENTIFIER = com.ayushsatyavarpu.FinanceTracker;
				PRODUCT_NAME = "$(TARGET_NAME)";
				SWIFT_EMIT_LOC_STRINGS = YES;
				SWIFT_VERSION = 5.0;
				TARGETED_DEVICE_FAMILY = "1,2";
			};
			name = Release;
		};
/* End XCBuildConfiguration section */

/* Begin XCConfigurationList section */
		D009C8DA2A646413003ADF5E /* Build configuration list for PBXProject "FinanceTracker" */ = {
			isa = XCConfigurationList;
			buildConfigurations = (
				D009C8EB2A646414003ADF5E /* Debug */,
				D009C8EC2A646414003ADF5E /* Release */,
			);
			defaultConfigurationIsVisible = 0;
			defaultConfigurationName = Release;
		};
		D009C8ED2A646414003ADF5E /* Build configuration list for PBXNativeTarget "FinanceTracker" */ = {
			isa = XCConfigurationList;
			buildConfigurations = (
				D009C8EE2A646414003ADF5E /* Debug */,
				D009C8EF2A646414003ADF5E /* Release */,
			);
			defaultConfigurationIsVisible = 0;
			defaultConfigurationName = Release;
		};
/* End XCConfigurationList section */

/* Begin XCRemoteSwiftPackageReference section */
		D0E2D93F2A9071F500DAE568 /* XCRemoteSwiftPackageReference "firebase-ios-sdk" */ = {
			isa = XCRemoteSwiftPackageReference;
			repositoryURL = "https://github.com/firebase/firebase-ios-sdk";
			requirement = {
				kind = upToNextMajorVersion;
				minimumVersion = 10.0.0;
			};
		};
/* End XCRemoteSwiftPackageReference section */

/* Begin XCSwiftPackageProductDependency section */
		D0E2D9402A9071F500DAE568 /* FirebaseAnalytics */ = {
			isa = XCSwiftPackageProductDependency;
			package = D0E2D93F2A9071F500DAE568 /* XCRemoteSwiftPackageReference "firebase-ios-sdk" */;
			productName = FirebaseAnalytics;
		};
		D0E2D9422A9071F500DAE568 /* FirebaseAnalyticsSwift */ = {
			isa = XCSwiftPackageProductDependency;
			package = D0E2D93F2A9071F500DAE568 /* XCRemoteSwiftPackageReference "firebase-ios-sdk" */;
			productName = FirebaseAnalyticsSwift;
		};
		D0E2D9442A9071F500DAE568 /* FirebaseAuth */ = {
			isa = XCSwiftPackageProductDependency;
			package = D0E2D93F2A9071F500DAE568 /* XCRemoteSwiftPackageReference "firebase-ios-sdk" */;
			productName = FirebaseAuth;
		};
		D0E2D9462A9071F500DAE568 /* FirebaseCrashlytics */ = {
			isa = XCSwiftPackageProductDependency;
			package = D0E2D93F2A9071F500DAE568 /* XCRemoteSwiftPackageReference "firebase-ios-sdk" */;
			productName = FirebaseCrashlytics;
		};
		D0E2D9482A9071F500DAE568 /* FirebaseDatabase */ = {
			isa = XCSwiftPackageProductDependency;
			package = D0E2D93F2A9071F500DAE568 /* XCRemoteSwiftPackageReference "firebase-ios-sdk" */;
			productName = FirebaseDatabase;
		};
		D0E2D94A2A9071F500DAE568 /* FirebaseDatabaseSwift */ = {
			isa = XCSwiftPackageProductDependency;
			package = D0E2D93F2A9071F500DAE568 /* XCRemoteSwiftPackageReference "firebase-ios-sdk" */;
			productName = FirebaseDatabaseSwift;
		};
		D0E2D94C2A9071F500DAE568 /* FirebaseFirestore */ = {
			isa = XCSwiftPackageProductDependency;
			package = D0E2D93F2A9071F500DAE568 /* XCRemoteSwiftPackageReference "firebase-ios-sdk" */;
			productName = FirebaseFirestore;
		};
		D0E2D94E2A9071F500DAE568 /* FirebaseFirestoreCombine-Community */ = {
			isa = XCSwiftPackageProductDependency;
			package = D0E2D93F2A9071F500DAE568 /* XCRemoteSwiftPackageReference "firebase-ios-sdk" */;
			productName = "FirebaseFirestoreCombine-Community";
		};
		D0E2D9502A9071F500DAE568 /* FirebaseFirestoreSwift */ = {
			isa = XCSwiftPackageProductDependency;
			package = D0E2D93F2A9071F500DAE568 /* XCRemoteSwiftPackageReference "firebase-ios-sdk" */;
			productName = FirebaseFirestoreSwift;
		};
		D0E2D9522A9071F500DAE568 /* FirebaseStorage */ = {
			isa = XCSwiftPackageProductDependency;
			package = D0E2D93F2A9071F500DAE568 /* XCRemoteSwiftPackageReference "firebase-ios-sdk" */;
			productName = FirebaseStorage;
		};
		D0E2D9542A9071F500DAE568 /* FirebaseStorageCombine-Community */ = {
			isa = XCSwiftPackageProductDependency;
			package = D0E2D93F2A9071F500DAE568 /* XCRemoteSwiftPackageReference "firebase-ios-sdk" */;
			productName = "FirebaseStorageCombine-Community";
		};
/* End XCSwiftPackageProductDependency section */
	};
	rootObject = D009C8D72A646413003ADF5E /* Project object */;
}
